PODS:
  - ChameleonFramework/Default (2.1.0)
  - ChameleonFramework/Swift (2.1.0):
    - ChameleonFramework/Default
  - CodableFirebase (0.0.7)
  - Firebase/Core (4.13.0):
    - FirebaseAnalytics (= 4.2.0)
    - FirebaseCore (= 4.0.20)
  - Firebase/Database (4.13.0):
    - Firebase/Core
    - FirebaseDatabase (= 4.1.5)
  - Firebase/Storage (4.13.0):
    - Firebase/Core
    - FirebaseStorage (= 2.2.0)
  - FirebaseAnalytics (4.2.0):
    - FirebaseCore (~> 4.0)
    - FirebaseInstanceID (~> 2.0)
    - "GoogleToolboxForMac/NSData+zlib (~> 2.1)"
    - nanopb (~> 0.3)
  - FirebaseCore (4.0.20):
    - "GoogleToolboxForMac/NSData+zlib (~> 2.1)"
  - FirebaseDatabase (4.1.5):
    - FirebaseAnalytics (~> 4.1)
    - FirebaseCore (~> 4.0)
    - leveldb-library (~> 1.18)
  - FirebaseInstanceID (2.0.10):
    - FirebaseCore (~> 4.0)
  - FirebaseStorage (2.2.0):
    - FirebaseAnalytics (~> 4.1)
    - FirebaseCore (~> 4.0)
    - GTMSessionFetcher/Core (~> 1.1)
  - GoogleToolboxForMac/Defines (2.1.4)
  - "GoogleToolboxForMac/NSData+zlib (2.1.4)":
    - GoogleToolboxForMac/Defines (= 2.1.4)
  - GTMSessionFetcher/Core (1.1.15)
  - IGListKit (3.3.0):
    - IGListKit/Default (= 3.3.0)
  - IGListKit/Default (3.3.0):
    - IGListKit/Diffing
  - IGListKit/Diffing (3.3.0)
  - leveldb-library (1.20)
  - nanopb (0.3.8):
    - nanopb/decode (= 0.3.8)
    - nanopb/encode (= 0.3.8)
  - nanopb/decode (0.3.8)
  - nanopb/encode (0.3.8)
  - SDWebImage (4.3.3):
    - SDWebImage/Core (= 4.3.3)
  - SDWebImage/Core (4.3.3)
  - SnapKit (4.0.0)

DEPENDENCIES:
  - ChameleonFramework/Swift (from `https://github.com/ViccAlexander/Chameleon.git`)
  - CodableFirebase
  - Firebase/Core
  - Firebase/Database
  - Firebase/Storage
  - IGListKit (~> 3.0)
  - SDWebImage (~> 4.0)
  - SnapKit (~> 4.0)

SPEC REPOS:
  https://github.com/CocoaPods/Specs.git:
    - CodableFirebase
    - Firebase
    - FirebaseAnalytics
    - FirebaseCore
    - FirebaseDatabase
    - FirebaseInstanceID
    - FirebaseStorage
    - GoogleToolboxForMac
    - GTMSessionFetcher
    - IGListKit
    - leveldb-library
    - nanopb
    - SDWebImage
    - SnapKit

EXTERNAL SOURCES:
  ChameleonFramework:
    :git: https://github.com/ViccAlexander/Chameleon.git

CHECKOUT OPTIONS:
  ChameleonFramework:
    :commit: 6dd284bde21ea2e7f9fd89bc36f40df16e16369d
    :git: https://github.com/ViccAlexander/Chameleon.git

SPEC CHECKSUMS:
  ChameleonFramework: d21a3cc247abfe5e37609a283a8238b03575cf64
  CodableFirebase: 090c5b4c9ad67c9f4fddc3b00d168ec38cad3b14
  Firebase: 5ec5e863d269d82d66b4bf56856726f8fb8f0fb3
  FirebaseAnalytics: 7ef69e76a5142f643aeb47c780e1cdce4e23632e
  FirebaseCore: 90cb1c53d69b556f112a1bf72b5fcfaad7650790
  FirebaseDatabase: 5f0bc6134c5c237cf55f9e1249d406770a75eafd
  FirebaseInstanceID: 8d20d890d65c917f9f7d9950b6e10a760ad34321
  FirebaseStorage: 0c223481c8f89ed300cf1239ddd2d9833622c65f
  GoogleToolboxForMac: 91c824d21e85b31c2aae9bb011c5027c9b4e738f
  GTMSessionFetcher: 5fa5b80fd20e439ef5f545fb2cb3ca6c6714caa2
  IGListKit: 71455d8fa95ff3d8594db667edd41c37db715c01
  leveldb-library: 08cba283675b7ed2d99629a4bc5fd052cd2bb6a5
  nanopb: 5601e6bca2dbf1ed831b519092ec110f66982ca3
  SDWebImage: de4d90b5bff3571eae7bd16202b1f43135409fa5
  SnapKit: a42d492c16e80209130a3379f73596c3454b7694

PODFILE CHECKSUM: b671afdc5828189e9e80f73bfb74e370f5f1033a

COCOAPODS: 1.5.0
